github.com/ahmetalpbalkan/go-linq v3.0.0+incompatible h1:dIwn5yUE6BoMAytLGn3pz/WoRhOj2gepls7iyNRN4yY=
github.com/ahmetalpbalkan/go-linq v3.0.0+incompatible/go.mod h1:IBvGwXyZVvXuN8KIbGCK53k+fzCKOmAdYhobMdJXOck=
github.com/leekchan/timeutil v0.0.0-20150802142658-28917288c48d h1:2puqoOQwi3Ai1oznMOsFIbifm6kIfJaLLyYzWD4IzTs=
github.com/leekchan/timeutil v0.0.0-20150802142658-28917288c48d/go.mod h1:hO90vCP2x3exaSH58BIAowSKvV+0OsY21TtzuFGHON4=
github.com/mattn/go-sqlite3 v1.14.14 h1:qZgc/Rwetq+MtyE18WhzjokPD93dNqLGNT3QJuLvBGw=
github.com/mattn/go-sqlite3 v1.14.14/go.mod h1:NyWgC/yNuGj7Q9rpYnZvas74GogHl5/Z4A/KQRfk6bU=
gopkg.in/ini.v1 v1.66.6 h1:LATuAqN/shcYAOkv3wl2L4rkaKqkcgTBQjOyYDvcPKI=
gopkg.in/ini.v1 v1.66.6/go.mod h1:pNLf8WUiyNEtQjuu5G5vTm06TEv9tsIgeAvK8hOrP4k=
